{
  "name": "workspace",
  "version": "0.0.0",
  "lockfileVersion": 3,
  "requires": true,
  "packages": {
    "": {
      "name": "workspace",
      "version": "0.0.0",
      "hasInstallScript": true,
      "license": "MIT",
      "dependencies": {
        "@tanstack/react-query": "^5.96.2",
        "wouter": "^3.9.0"
      },
      "devDependencies": {
        "@types/cors": "^2.8.19",
        "@types/express": "^5.0.6",
        "@types/node": "^25.5.2",
        "@types/pino-http": "^5.8.4",
        "prettier": "^3.8.1",
        "typescript": "~5.9.2"
      }
    },
    "node_modules/@tanstack/query-core": {
      "version": "5.96.2",
      "resolved": "https://registry.npmjs.org/@tanstack/query-core/-/query-core-5.96.2.tgz",
      "integrity": "sha512-hzI6cTVh4KNRk8UtoIBS7Lv9g6BnJPXvBKsvYH1aGWvv0347jT3BnSvztOE+kD76XGvZnRC/t6qdW1CaIfwCeA==",
      "license": "MIT",
      "funding": {
        "type": "github",
        "url": "https://github.com/sponsors/tannerlinsley"
      }
    },
    "node_modules/@tanstack/react-query": {
      "version": "5.96.2",
      "resolved": "https://registry.npmjs.org/@tanstack/react-query/-/react-query-5.96.2.tgz",
      "integrity": "sha512-sYyzzJT4G0g02azzJ8o55VFFV31XvFpdUpG+unxS0vSaYsJnSPKGoI6WdPwUucJL1wpgGfwfmntNX/Ub1uOViA==",
      "license": "MIT",
      "dependencies": {
        "@tanstack/query-core": "5.96.2"
      },
      "funding": {
        "type": "github",
        "url": "https://github.com/sponsors/tannerlinsley"
      },
      "peerDependencies": {
        "react": "^18 || ^19"
      }
    },
    "node_modules/@types/body-parser": {
      "version": "1.19.6",
      "resolved": "https://registry.npmjs.org/@types/body-parser/-/body-parser-1.19.6.tgz",
      "integrity": "sha512-HLFeCYgz89uk22N5Qg3dvGvsv46B8GLvKKo1zKG4NybA8U2DiEO3w9lqGg29t/tfLRJpJ6iQxnVw4OnB7MoM9g==",
      "dev": true,
      "license": "MIT",
      "dependencies": {
        "@types/connect": "*",
        "@types/node": "*"
      }
    },
    "node_modules/@types/connect": {
      "version": "3.4.38",
      "resolved": "https://registry.npmjs.org/@types/connect/-/connect-3.4.38.tgz",
      "integrity": "sha512-K6uROf1LD88uDQqJCktA4yzL1YYAK6NgfsI0v/mTgyPKWsX1CnJ0XPSDhViejru1GcRkLWb8RlzFYJRqGUbaug==",
      "dev": true,
      "license": "MIT",
      "dependencies": {
        "@types/node": "*"
      }
    },
    "node_modules/@types/cors": {
      "version": "2.8.19",
      "resolved": "https://registry.npmjs.org/@types/cors/-/cors-2.8.19.tgz",
      "integrity": "sha512-mFNylyeyqN93lfe/9CSxOGREz8cpzAhH+E93xJ4xWQf62V8sQ/24reV2nyzUWM6H6Xji+GGHpkbLe7pVoUEskg==",
      "dev": true,
      "license": "MIT",
      "dependencies": {
        "@types/node": "*"
      }
    },
    "node_modules/@types/express": {
      "version": "5.0.6",
      "resolved": "https://registry.npmjs.org/@types/express/-/express-5.0.6.tgz",
      "integrity": "sha512-sKYVuV7Sv9fbPIt/442koC7+IIwK5olP1KWeD88e/idgoJqDm3JV/YUiPwkoKK92ylff2MGxSz1CSjsXelx0YA==",
      "dev": true,
      "license": "MIT",
      "dependencies": {
        "@types/body-parser": "*",
        "@types/express-serve-static-core": "^5.0.0",
        "@types/serve-static": "^2"
      }
    },
    "node_modules/@types/express-serve-static-core": {
      "version": "5.1.1",
      "resolved": "https://registry.npmjs.org/@types/express-serve-static-core/-/express-serve-static-core-5.1.1.tgz",
      "integrity": "sha512-v4zIMr/cX7/d2BpAEX3KNKL/JrT1s43s96lLvvdTmza1oEvDudCqK9aF/djc/SWgy8Yh0h30TZx5VpzqFCxk5A==",
      "dev": true,
      "license": "MIT",
      "dependencies": {
        "@types/node": "*",
        "@types/qs": "*",
        "@types/range-parser": "*",
        "@types/send": "*"
      }
    },
    "node_modules/@types/http-errors": {
      "version": "2.0.5",
      "resolved": "https://registry.npmjs.org/@types/http-errors/-/http-errors-2.0.5.tgz",
      "integrity": "sha512-r8Tayk8HJnX0FztbZN7oVqGccWgw98T/0neJphO91KkmOzug1KkofZURD4UaD5uH8AqcFLfdPErnBod0u71/qg==",
      "dev": true,
      "license": "MIT"
    },
    "node_modules/@types/node": {
      "version": "25.5.2",
      "resolved": "https://registry.npmjs.org/@types/node/-/node-25.5.2.tgz",
      "integrity": "sha512-tO4ZIRKNC+MDWV4qKVZe3Ql/woTnmHDr5JD8UI5hn2pwBrHEwOEMZK7WlNb5RKB6EoJ02gwmQS9OrjuFnZYdpg==",
      "dev": true,
      "license": "MIT",
      "dependencies": {
        "undici-types": "~7.18.0"
      }
    },
    "node_modules/@types/pino": {
      "version": "6.3.12",
      "resolved": "https://registry.npmjs.org/@types/pino/-/pino-6.3.12.tgz",
      "integrity": "sha512-dsLRTq8/4UtVSpJgl9aeqHvbh6pzdmjYD3C092SYgLD2TyoCqHpTJk6vp8DvCTGGc7iowZ2MoiYiVUUCcu7muw==",
      "dev": true,
      "license": "MIT",
      "dependencies": {
        "@types/node": "*",
        "@types/pino-pretty": "*",
        "@types/pino-std-serializers": "*",
        "sonic-boom": "^2.1.0"
      }
    },
    "node_modules/@types/pino-http": {
      "version": "5.8.4",
      "resolved": "https://registry.npmjs.org/@types/pino-http/-/pino-http-5.8.4.tgz",
      "integrity": "sha512-UTYBQ2acmJ2eK0w58vVtgZ9RAicFFndfrnWC1w5cBTf8zwn/HEy8O+H7psc03UZgTzHmlcuX8VkPRnRDEj+FUQ==",
      "dev": true,
      "license": "MIT",
      "dependencies": {
        "@types/pino": "6.3"
      }
    },
    "node_modules/@types/pino-pretty": {
      "version": "4.7.5",
      "resolved": "https://registry.npmjs.org/@types/pino-pretty/-/pino-pretty-4.7.5.tgz",
      "integrity": "sha512-rfHe6VIknk14DymxGqc9maGsRe8/HQSvM2u46EAz2XrS92qsAJnW16dpdFejBuZKD8cRJX6Aw6uVZqIQctMpAg==",
      "dev": true,
      "license": "MIT",
      "dependencies": {
        "@types/node": "*",
        "@types/pino": "6.3"
      }
    },
    "node_modules/@types/pino-std-serializers": {
      "version": "2.4.1",
      "resolved": "https://registry.npmjs.org/@types/pino-std-serializers/-/pino-std-serializers-2.4.1.tgz",
      "integrity": "sha512-17XcksO47M24IVTVKPeAByWUd3Oez7EbIjXpSbzMPhXVzgjGtrOa49gKBwxH9hb8dKv58OelsWQ+A1G1l9S3wQ==",
      "dev": true,
      "license": "MIT",
      "dependencies": {
        "@types/node": "*"
      }
    },
    "node_modules/@types/qs": {
      "version": "6.15.0",
      "resolved": "https://registry.npmjs.org/@types/qs/-/qs-6.15.0.tgz",
      "integrity": "sha512-JawvT8iBVWpzTrz3EGw9BTQFg3BQNmwERdKE22vlTxawwtbyUSlMppvZYKLZzB5zgACXdXxbD3m1bXaMqP/9ow==",
      "dev": true,
      "license": "MIT"
    },
    "node_modules/@types/range-parser": {
      "version": "1.2.7",
      "resolved": "https://registry.npmjs.org/@types/range-parser/-/range-parser-1.2.7.tgz",
      "integrity": "sha512-hKormJbkJqzQGhziax5PItDUTMAM9uE2XXQmM37dyd4hVM+5aVl7oVxMVUiVQn2oCQFN/LKCZdvSM0pFRqbSmQ==",
      "dev": true,
      "license": "MIT"
    },
    "node_modules/@types/send": {
      "version": "1.2.1",
      "resolved": "https://registry.npmjs.org/@types/send/-/send-1.2.1.tgz",
      "integrity": "sha512-arsCikDvlU99zl1g69TcAB3mzZPpxgw0UQnaHeC1Nwb015xp8bknZv5rIfri9xTOcMuaVgvabfIRA7PSZVuZIQ==",
      "dev": true,
      "license": "MIT",
      "dependencies": {
        "@types/node": "*"
      }
    },
    "node_modules/@types/serve-static": {
      "version": "2.2.0",
      "resolved": "https://registry.npmjs.org/@types/serve-static/-/serve-static-2.2.0.tgz",
      "integrity": "sha512-8mam4H1NHLtu7nmtalF7eyBH14QyOASmcxHhSfEoRyr0nP/YdoesEtU+uSRvMe96TW/HPTtkoKqQLl53N7UXMQ==",
      "dev": true,
      "license": "MIT",
      "dependencies": {
        "@types/http-errors": "*",
        "@types/node": "*"
      }
    },
    "node_modules/atomic-sleep": {
      "version": "1.0.0",
      "resolved": "https://registry.npmjs.org/atomic-sleep/-/atomic-sleep-1.0.0.tgz",
      "integrity": "sha512-kNOjDqAh7px0XWNI+4QbzoiR/nTkHAWNud2uvnJquD1/x5a7EQZMJT0AczqK0Qn67oY/TTQ1LbUKajZpp3I9tQ==",
      "dev": true,
      "license": "MIT",
      "engines": {
        "node": ">=8.0.0"
      }
    },
    "node_modules/mitt": {
      "version": "3.0.1",
      "resolved": "https://registry.npmjs.org/mitt/-/mitt-3.0.1.tgz",
      "integrity": "sha512-vKivATfr97l2/QBCYAkXYDbrIWPM2IIKEl7YPhjCvKlG3kE2gm+uBo6nEXK3M5/Ffh/FLpKExzOQ3JJoJGFKBw==",
      "license": "MIT"
    },
    "node_modules/prettier": {
      "version": "3.8.1",
      "resolved": "https://registry.npmjs.org/prettier/-/prettier-3.8.1.tgz",
      "integrity": "sha512-UOnG6LftzbdaHZcKoPFtOcCKztrQ57WkHDeRD9t/PTQtmT0NHSeWWepj6pS0z/N7+08BHFDQVUrfmfMRcZwbMg==",
      "dev": true,
      "license": "MIT",
      "bin": {
        "prettier": "bin/prettier.cjs"
      },
      "engines": {
        "node": ">=14"
      },
      "funding": {
        "url": "https://github.com/prettier/prettier?sponsor=1"
      }
    },
    "node_modules/react": {
      "version": "19.2.4",
      "resolved": "https://registry.npmjs.org/react/-/react-19.2.4.tgz",
      "integrity": "sha512-9nfp2hYpCwOjAN+8TZFGhtWEwgvWHXqESH8qT89AT/lWklpLON22Lc8pEtnpsZz7VmawabSU0gCjnj8aC0euHQ==",
      "license": "MIT",
      "peer": true,
      "engines": {
        "node": ">=0.10.0"
      }
    },
    "node_modules/regexparam": {
      "version": "3.0.0",
      "resolved": "https://registry.npmjs.org/regexparam/-/regexparam-3.0.0.tgz",
      "integrity": "sha512-RSYAtP31mvYLkAHrOlh25pCNQ5hWnT106VukGaaFfuJrZFkGRX5GhUAdPqpSDXxOhA2c4akmRuplv1mRqnBn6Q==",
      "license": "MIT",
      "engines": {
        "node": ">=8"
      }
    },
    "node_modules/sonic-boom": {
      "version": "2.8.0",
      "resolved": "https://registry.npmjs.org/sonic-boom/-/sonic-boom-2.8.0.tgz",
      "integrity": "sha512-kuonw1YOYYNOve5iHdSahXPOK49GqwA+LZhI6Wz/l0rP57iKyXXIHaRagOBHAPmGwJC6od2Z9zgvZ5loSgMlVg==",
      "dev": true,
      "license": "MIT",
      "dependencies": {
        "atomic-sleep": "^1.0.0"
      }
    },
    "node_modules/typescript": {
      "version": "5.9.3",
      "resolved": "https://registry.npmjs.org/typescript/-/typescript-5.9.3.tgz",
      "integrity": "sha512-jl1vZzPDinLr9eUt3J/t7V6FgNEw9QjvBPdysz9KfQDD41fQrC2Y4vKQdiaUpFT4bXlb1RHhLpp8wtm6M5TgSw==",
      "dev": true,
      "license": "Apache-2.0",
      "bin": {
        "tsc": "bin/tsc",
        "tsserver": "bin/tsserver"
      },
      "engines": {
        "node": ">=14.17"
      }
    },
    "node_modules/undici-types": {
      "version": "7.18.2",
      "resolved": "https://registry.npmjs.org/undici-types/-/undici-types-7.18.2.tgz",
      "integrity": "sha512-AsuCzffGHJybSaRrmr5eHr81mwJU3kjw6M+uprWvCXiNeN9SOGwQ3Jn8jb8m3Z6izVgknn1R0FTCEAP2QrLY/w==",
      "dev": true,
      "license": "MIT"
    },
    "node_modules/use-sync-external-store": {
      "version": "1.6.0",
      "resolved": "https://registry.npmjs.org/use-sync-external-store/-/use-sync-external-store-1.6.0.tgz",
      "integrity": "sha512-Pp6GSwGP/NrPIrxVFAIkOQeyw8lFenOHijQWkUTrDvrF4ALqylP2C/KCkeS9dpUM3KvYRQhna5vt7IL95+ZQ9w==",
      "license": "MIT",
      "peerDependencies": {
        "react": "^16.8.0 || ^17.0.0 || ^18.0.0 || ^19.0.0"
      }
    },
    "node_modules/wouter": {
      "version": "3.9.0",
      "resolved": "https://registry.npmjs.org/wouter/-/wouter-3.9.0.tgz",
      "integrity": "sha512-sF/od/PIgqEQBQcrN7a2x3MX6MQE6nW0ygCfy9hQuUkuB28wEZuu/6M5GyqkrrEu9M6jxdkgE12yDFsQMKos4Q==",
      "license": "Unlicense",
      "dependencies": {
        "mitt": "^3.0.1",
        "regexparam": "^3.0.0",
        "use-sync-external-store": "^1.0.0"
      },
      "peerDependencies": {
        "react": ">=16.8.0"
      }
    }
  }
}
